
Microsoft Visual Studio Solution File, Format Version 12.00
# Visual Studio Version 17
VisualStudioVersion = 17.9.34701.34
MinimumVisualStudioVersion = 10.0.40219.1
Project("{FAE04EC0-301F-11D3-BF4B-00C04F79EFBC}") = "VasyaPage", "VasyaPage.csproj", "{ED2E243F-05AF-425D-A6CC-C21011870E67}"
EndProject
Global
	GlobalSection(SolutionConfigurationPlatforms) = preSolution
		Debug|Any CPU = Debug|Any CPU
		Release|Any CPU = Release|Any CPU
	EndGlobalSection
	GlobalSection(ProjectConfigurationPlatforms) = postSolution
		{ED2E243F-05AF-425D-A6CC-C21011870E67}.Debug|Any CPU.ActiveCfg = Debug|Any CPU
		{ED2E243F-05AF-425D-A6CC-C21011870E67}.Debug|Any CPU.Build.0 = Debug|Any CPU
		{ED2E243F-05AF-425D-A6CC-C21011870E67}.Release|Any CPU.ActiveCfg = Release|Any CPU
		{ED2E243F-05AF-425D-A6CC-C21011870E67}.Release|Any CPU.Build.0 = Release|Any CPU
	EndGlobalSection
	GlobalSection(SolutionProperties) = preSolution
		HideSolutionNode = FALSE
	EndGlobalSection
	GlobalSection(ExtensibilityGlobals) = postSolution
		SolutionGuid = {57D82863-9BCD-45F9-957A-69A5163D6E13}
	EndGlobalSection
EndGlobal
